
Microsoft Visual Studio Solution File, Format Version 12.00
# Visual Studio 15
VisualStudioVersion = 15.0.26730.12
MinimumVisualStudioVersion = 10.0.40219.1
Project("{FAE04EC0-301F-11D3-BF4B-00C04F79EFBC}") = "WebApplicationTest1", "WebApplicationTest1\WebApplicationTest1.csproj", "{42E86026-55BE-4977-A789-CFA3B06BB495}"
EndProject
Project("{FAE04EC0-301F-11D3-BF4B-00C04F79EFBC}") = "WebAPITest1", "WebAPITest1\WebAPITest1.csproj", "{94FFEFB5-A511-49CF-A28E-F2CFF0846D0F}"
EndProject
Project("{FAE04EC0-301F-11D3-BF4B-00C04F79EFBC}") = "WSIPGClient", "..\WSIPGClient\WSIPGClient.csproj", "{16BF094F-F403-45D1-B196-54D742D1F37E}"
EndProject
Project("{FAE04EC0-301F-11D3-BF4B-00C04F79EFBC}") = "SeleniumConsoleApp", "SeleniumConsoleApp\SeleniumConsoleApp.csproj", "{801C100E-7656-443D-B112-F403C6B66445}"
EndProject
Project("{FAE04EC0-301F-11D3-BF4B-00C04F79EFBC}") = "RedisWebApplication", "RedisWebApplication\RedisWebApplication.csproj", "{CC7E8F10-F09B-4749-89DE-DFF8C2E4B5AA}"
EndProject
Project("{9A19103F-16F7-4668-BE54-9A1E7A4F7556}") = "dotnetCoreWebTest", "dotnetCoreWebTest\dotnetCoreWebTest.csproj", "{D98AA9CC-E5FB-48EF-A9D0-DCA956B9E41F}"
EndProject
Project("{FAE04EC0-301F-11D3-BF4B-00C04F79EFBC}") = "ConsoleAppSample", "ConsoleAppSample\ConsoleAppSample.csproj", "{9F0A76D3-E5CF-4FC9-94EA-3A795E128F36}"
EndProject
Project("{2150E333-8FDC-42A3-9474-1A3956D46DE8}") = "Samples", "Samples", "{D34AA96C-ED5D-4496-974C-FDB34BF06734}"
EndProject
Project("{FAE04EC0-301F-11D3-BF4B-00C04F79EFBC}") = "EFConsole", "EFConsole\EFConsole.csproj", "{1EB66984-3C59-4850-88BB-DF77E2665EEA}"
EndProject
Global
	GlobalSection(SolutionConfigurationPlatforms) = preSolution
		Debug|Any CPU = Debug|Any CPU
		Release|Any CPU = Release|Any CPU
	EndGlobalSection
	GlobalSection(ProjectConfigurationPlatforms) = postSolution
		{42E86026-55BE-4977-A789-CFA3B06BB495}.Debug|Any CPU.ActiveCfg = Debug|Any CPU
		{42E86026-55BE-4977-A789-CFA3B06BB495}.Debug|Any CPU.Build.0 = Debug|Any CPU
		{42E86026-55BE-4977-A789-CFA3B06BB495}.Release|Any CPU.ActiveCfg = Release|Any CPU
		{42E86026-55BE-4977-A789-CFA3B06BB495}.Release|Any CPU.Build.0 = Release|Any CPU
		{94FFEFB5-A511-49CF-A28E-F2CFF0846D0F}.Debug|Any CPU.ActiveCfg = Debug|Any CPU
		{94FFEFB5-A511-49CF-A28E-F2CFF0846D0F}.Debug|Any CPU.Build.0 = Debug|Any CPU
		{94FFEFB5-A511-49CF-A28E-F2CFF0846D0F}.Release|Any CPU.ActiveCfg = Release|Any CPU
		{94FFEFB5-A511-49CF-A28E-F2CFF0846D0F}.Release|Any CPU.Build.0 = Release|Any CPU
		{16BF094F-F403-45D1-B196-54D742D1F37E}.Debug|Any CPU.ActiveCfg = Debug|Any CPU
		{16BF094F-F403-45D1-B196-54D742D1F37E}.Debug|Any CPU.Build.0 = Debug|Any CPU
		{16BF094F-F403-45D1-B196-54D742D1F37E}.Release|Any CPU.ActiveCfg = Release|Any CPU
		{16BF094F-F403-45D1-B196-54D742D1F37E}.Release|Any CPU.Build.0 = Release|Any CPU
		{801C100E-7656-443D-B112-F403C6B66445}.Debug|Any CPU.ActiveCfg = Debug|Any CPU
		{801C100E-7656-443D-B112-F403C6B66445}.Debug|Any CPU.Build.0 = Debug|Any CPU
		{801C100E-7656-443D-B112-F403C6B66445}.Release|Any CPU.ActiveCfg = Release|Any CPU
		{801C100E-7656-443D-B112-F403C6B66445}.Release|Any CPU.Build.0 = Release|Any CPU
		{CC7E8F10-F09B-4749-89DE-DFF8C2E4B5AA}.Debug|Any CPU.ActiveCfg = Debug|Any CPU
		{CC7E8F10-F09B-4749-89DE-DFF8C2E4B5AA}.Debug|Any CPU.Build.0 = Debug|Any CPU
		{CC7E8F10-F09B-4749-89DE-DFF8C2E4B5AA}.Release|Any CPU.ActiveCfg = Release|Any CPU
		{CC7E8F10-F09B-4749-89DE-DFF8C2E4B5AA}.Release|Any CPU.Build.0 = Release|Any CPU
		{D98AA9CC-E5FB-48EF-A9D0-DCA956B9E41F}.Debug|Any CPU.ActiveCfg = Debug|Any CPU
		{D98AA9CC-E5FB-48EF-A9D0-DCA956B9E41F}.Debug|Any CPU.Build.0 = Debug|Any CPU
		{D98AA9CC-E5FB-48EF-A9D0-DCA956B9E41F}.Release|Any CPU.ActiveCfg = Release|Any CPU
		{D98AA9CC-E5FB-48EF-A9D0-DCA956B9E41F}.Release|Any CPU.Build.0 = Release|Any CPU
		{9F0A76D3-E5CF-4FC9-94EA-3A795E128F36}.Debug|Any CPU.ActiveCfg = Debug|Any CPU
		{9F0A76D3-E5CF-4FC9-94EA-3A795E128F36}.Debug|Any CPU.Build.0 = Debug|Any CPU
		{9F0A76D3-E5CF-4FC9-94EA-3A795E128F36}.Release|Any CPU.ActiveCfg = Release|Any CPU
		{9F0A76D3-E5CF-4FC9-94EA-3A795E128F36}.Release|Any CPU.Build.0 = Release|Any CPU
		{1EB66984-3C59-4850-88BB-DF77E2665EEA}.Debug|Any CPU.ActiveCfg = Debug|Any CPU
		{1EB66984-3C59-4850-88BB-DF77E2665EEA}.Debug|Any CPU.Build.0 = Debug|Any CPU
		{1EB66984-3C59-4850-88BB-DF77E2665EEA}.Release|Any CPU.ActiveCfg = Release|Any CPU
		{1EB66984-3C59-4850-88BB-DF77E2665EEA}.Release|Any CPU.Build.0 = Release|Any CPU
	EndGlobalSection
	GlobalSection(SolutionProperties) = preSolution
		HideSolutionNode = FALSE
	EndGlobalSection
	GlobalSection(NestedProjects) = preSolution
		{801C100E-7656-443D-B112-F403C6B66445} = {D34AA96C-ED5D-4496-974C-FDB34BF06734}
		{CC7E8F10-F09B-4749-89DE-DFF8C2E4B5AA} = {D34AA96C-ED5D-4496-974C-FDB34BF06734}
		{D98AA9CC-E5FB-48EF-A9D0-DCA956B9E41F} = {D34AA96C-ED5D-4496-974C-FDB34BF06734}
		{9F0A76D3-E5CF-4FC9-94EA-3A795E128F36} = {D34AA96C-ED5D-4496-974C-FDB34BF06734}
		{1EB66984-3C59-4850-88BB-DF77E2665EEA} = {D34AA96C-ED5D-4496-974C-FDB34BF06734}
	EndGlobalSection
	GlobalSection(ExtensibilityGlobals) = postSolution
		SolutionGuid = {DC9415DE-DA86-4CA7-B9C3-FC6C9EB80311}
	EndGlobalSection
EndGlobal
